
Microsoft Visual Studio Solution File, Format Version 12.00
# Visual Studio Version 16
VisualStudioVersion = 16.0.28803.156
MinimumVisualStudioVersion = 10.0.40219.1
Project("{FAE04EC0-301F-11D3-BF4B-00C04F79EFBC}") = "AuthWebAppNetCore.Web", "AuthWebAppNetCore.Web\AuthWebAppNetCore.Web.csproj", "{0AA0E551-7042-4E9A-A97E-D901329FC390}"
EndProject
Global
	GlobalSection(SolutionConfigurationPlatforms) = preSolution
		Debug|Any CPU = Debug|Any CPU
		Release|Any CPU = Release|Any CPU
	EndGlobalSection
	GlobalSection(ProjectConfigurationPlatforms) = postSolution
		{0AA0E551-7042-4E9A-A97E-D901329FC390}.Debug|Any CPU.ActiveCfg = Debug|Any CPU
		{0AA0E551-7042-4E9A-A97E-D901329FC390}.Debug|Any CPU.Build.0 = Debug|Any CPU
		{0AA0E551-7042-4E9A-A97E-D901329FC390}.Release|Any CPU.ActiveCfg = Release|Any CPU
		{0AA0E551-7042-4E9A-A97E-D901329FC390}.Release|Any CPU.Build.0 = Release|Any CPU
	EndGlobalSection
	GlobalSection(SolutionProperties) = preSolution
		HideSolutionNode = FALSE
	EndGlobalSection
	GlobalSection(ExtensibilityGlobals) = postSolution
		SolutionGuid = {D24C3431-DDBB-4683-B26A-DA7AD8C0021A}
	EndGlobalSection
EndGlobal
